<?xml version="1.0" encoding="utf-8"?>
<Project ToolsVersion="4.0" xmlns="http://schemas.microsoft.com/developer/msbuild/2003">
  <ItemGroup>
    <Filter Include="Source Files">
      <UniqueIdentifier>{4FC737F1-C7A5-4376-A066-2A32D752A2FF}</UniqueIdentifier>
      <Extensions>cpp;c;cc;cxx;c++;cppm;ixx;def;odl;idl;hpj;bat;asm;asmx</Extensions>
    </Filter>
    <Filter Include="Header Files">
      <UniqueIdentifier>{93995380-89BD-4b04-88EB-625FBE52EBFB}</UniqueIdentifier>
      <Extensions>h;hh;hpp;hxx;h++;hm;inl;inc;ipp;xsd</Extensions>
    </Filter>
    <Filter Include="Resource Files">
      <UniqueIdentifier>{67DA6AB6-F800-4c08-8B7A-83BB121AAD01}</UniqueIdentifier>
      <Extensions>rc;ico;cur;bmp;dlg;rc2;rct;bin;rgs;gif;jpg;jpeg;jpe;resx;tiff;tif;png;wav;mfcribbon-ms</Extensions>
    </Filter>
    <Filter Include="Header Files\lab0">
      <UniqueIdentifier>{0c54d411-9f79-403c-84fb-8d24da0e9a85}</UniqueIdentifier>
    </Filter>
    <Filter Include="Header Files\sem2">
      <UniqueIdentifier>{23adb6c5-e6bd-4c89-9198-12ccaf4d6c91}</UniqueIdentifier>
    </Filter>
    <Filter Include="Header Files\lab1">
      <UniqueIdentifier>{6a1106aa-8db1-4834-ad15-261ede123ad7}</UniqueIdentifier>
    </Filter>
    <Filter Include="Header Files\lab2">
      <UniqueIdentifier>{e60258b6-150e-4578-a05f-9af8e4a8288f}</UniqueIdentifier>
    </Filter>
    <Filter Include="Header Files\lab2\imgs">
      <UniqueIdentifier>{0430d17f-2ec0-46e0-96e3-c398f7a58063}</UniqueIdentifier>
    </Filter>
  </ItemGroup>
  <ItemGroup>
    <ClCompile Include="src.cpp">
      <Filter>Source Files</Filter>
    </ClCompile>
    <ClCompile Include="help.cpp">
      <Filter>Header Files\lab0</Filter>
    </ClCompile>
    <ClCompile Include="vector_sum.cpp">
      <Filter>Header Files\sem2</Filter>
    </ClCompile>
    <ClCompile Include="matrix_filter.cpp">
      <Filter>Header Files\lab1</Filter>
    </ClCompile>
    <ClCompile Include="lab2_main.cpp">
      <Filter>Header Files\lab2</Filter>
    </ClCompile>
    <ClCompile Include="Img.cpp">
      <Filter>Header Files\lab2\imgs</Filter>
    </ClCompile>
    <ClCompile Include="ParallelPrimitiveImg.cpp">
      <Filter>Header Files\lab2\imgs</Filter>
    </ClCompile>
    <ClCompile Include="PrimitiveImg.cpp">
      <Filter>Header Files\lab2\imgs</Filter>
    </ClCompile>
    <ClCompile Include="SequentialPrimitiveImg.cpp">
      <Filter>Header Files\lab2\imgs</Filter>
    </ClCompile>
  </ItemGroup>
  <ItemGroup>
    <ClInclude Include="help.h">
      <Filter>Header Files\lab0</Filter>
    </ClInclude>
    <ClInclude Include="vector_sum.h">
      <Filter>Header Files\sem2</Filter>
    </ClInclude>
    <ClInclude Include="matrix_filter.h">
      <Filter>Header Files\lab1</Filter>
    </ClInclude>
    <ClInclude Include="lab2_main.h">
      <Filter>Header Files\lab2</Filter>
    </ClInclude>
    <ClInclude Include="Img.h">
      <Filter>Header Files\lab2\imgs</Filter>
    </ClInclude>
    <ClInclude Include="ParallelPrimitiveImg.h">
      <Filter>Header Files\lab2\imgs</Filter>
    </ClInclude>
    <ClInclude Include="PrimitiveImg.h">
      <Filter>Header Files\lab2\imgs</Filter>
    </ClInclude>
    <ClInclude Include="SequentialPrimitiveImg.h">
      <Filter>Header Files\lab2\imgs</Filter>
    </ClInclude>
  </ItemGroup>
  <ItemGroup>
    <None Include="read_me.md">
      <Filter>Header Files\lab1</Filter>
    </None>
  </ItemGroup>
</Project>